
Microsoft Visual Studio Solution File, Format Version 12.00
# Visual Studio Version 17
VisualStudioVersion = 17.5.33530.505
MinimumVisualStudioVersion = 10.0.40219.1
Project("{FAE04EC0-301F-11D3-BF4B-00C04F79EFBC}") = "VkAPI", "VkAPI\VkAPI.csproj", "{B94A13A8-C501-4E01-BCC7-3E58BADDA6C0}"
EndProject
Global
	GlobalSection(SolutionConfigurationPlatforms) = preSolution
		Debug|Any CPU = Debug|Any CPU
		Release|Any CPU = Release|Any CPU
	EndGlobalSection
	GlobalSection(ProjectConfigurationPlatforms) = postSolution
		{B94A13A8-C501-4E01-BCC7-3E58BADDA6C0}.Debug|Any CPU.ActiveCfg = Debug|Any CPU
		{B94A13A8-C501-4E01-BCC7-3E58BADDA6C0}.Debug|Any CPU.Build.0 = Debug|Any CPU
		{B94A13A8-C501-4E01-BCC7-3E58BADDA6C0}.Release|Any CPU.ActiveCfg = Release|Any CPU
		{B94A13A8-C501-4E01-BCC7-3E58BADDA6C0}.Release|Any CPU.Build.0 = Release|Any CPU
	EndGlobalSection
	GlobalSection(SolutionProperties) = preSolution
		HideSolutionNode = FALSE
	EndGlobalSection
	GlobalSection(ExtensibilityGlobals) = postSolution
		SolutionGuid = {65C0B247-5990-4970-8D0C-8AE341A39B07}
	EndGlobalSection
EndGlobal
